// !$*UTF8*$!
{
	archiveVersion = 1;
	classes = {
	};
	objectVersion = 48;
	objects = {

/* Begin PBXBuildFile section */
		DDD551A21F84E82C008D3365 /* AppDelegate.swift in Sources */ = {isa = PBXBuildFile; fileRef = DDD551A11F84E82C008D3365 /* AppDelegate.swift */; };
		DDD551A41F84E82C008D3365 /* FirstViewController.swift in Sources */ = {isa = PBXBuildFile; fileRef = DDD551A31F84E82C008D3365 /* FirstViewController.swift */; };
		DDD551A61F84E82C008D3365 /* SecondViewController.swift in Sources */ = {isa = PBXBuildFile; fileRef = DDD551A51F84E82C008D3365 /* SecondViewController.swift */; };
		DDD551A91F84E82C008D3365 /* Main.storyboard in Resources */ = {isa = PBXBuildFile; fileRef = DDD551A71F84E82C008D3365 /* Main.storyboard */; };
		DDD551AB1F84E82C008D3365 /* Assets.xcassets in Resources */ = {isa = PBXBuildFile; fileRef = DDD551AA1F84E82C008D3365 /* Assets.xcassets */; };
		DDD551AE1F84E82C008D3365 /* LaunchScreen.storyboard in Resources */ = {isa = PBXBuildFile; fileRef = DDD551AC1F84E82C008D3365 /* LaunchScreen.storyboard */; };
/* End PBXBuildFile section */

/* Begin PBXFileReference section */
		DDD5519E1F84E82C008D3365 /* To Do App.app */ = {isa = PBXFileReference; explicitFileType = wrapper.application; includeInIndex = 0; path = "To Do App.app"; sourceTree = BUILT_PRODUCTS_DIR; };
		DDD551A11F84E82C008D3365 /* AppDelegate.swift */ = {isa = PBXFileReference; lastKnownFileType = sourcecode.swift; path = AppDelegate.swift; sourceTree = "<group>"; };
		DDD551A31F84E82C008D3365 /* FirstViewController.swift */ = {isa = PBXFileReference; lastKnownFileType = sourcecode.swift; path = FirstViewController.swift; sourceTree = "<group>"; };
		DDD551A51F84E82C008D3365 /* SecondViewController.swift */ = {isa = PBXFileReference; lastKnownFileType = sourcecode.swift; path = SecondViewController.swift; sourceTree = "<group>"; };
		DDD551A81F84E82C008D3365 /* Base */ = {isa = PBXFileReference; lastKnownFileType = file.storyboard; name = Base; path = Base.lproj/Main.storyboard; sourceTree = "<group>"; };
		DDD551AA1F84E82C008D3365 /* Assets.xcassets */ = {isa = PBXFileReference; lastKnownFileType = folder.assetcatalog; path = Assets.xcassets; sourceTree = "<group>"; };
		DDD551AD1F84E82C008D3365 /* Base */ = {isa = PBXFileReference; lastKnownFileType = file.storyboard; name = Base; path = Base.lproj/LaunchScreen.storyboard; sourceTree = "<group>"; };
		DDD551AF1F84E82C008D3365 /* Info.plist */ = {isa = PBXFileReference; lastKnownFileType = text.plist.xml; path = Info.plist; sourceTree = "<group>"; };
/* End PBXFileReference section */

/* Begin PBXFrameworksBuildPhase section */
		DDD5519B1F84E82C008D3365 /* Frameworks */ = {
			isa = PBXFrameworksBuildPhase;
			buildActionMask = 2147483647;
			files = (
			);
			runOnlyForDeploymentPostprocessing = 0;
		};
/* End PBXFrameworksBuildPhase section */

/* Begin PBXGroup section */
		DDD551951F84E82C008D3365 = {
			isa = PBXGroup;
			children = (
				DDD551A01F84E82C008D3365 /* To Do App */,
				DDD5519F1F84E82C008D3365 /* Products */,
			);
			sourceTree = "<group>";
		};
		DDD5519F1F84E82C008D3365 /* Products */ = {
			isa = PBXGroup;
			children = (
				DDD5519E1F84E82C008D3365 /* To Do App.app */,
			);
			name = Products;
			sourceTree = "<group>";
		};
		DDD551A01F84E82C008D3365 /* To Do App */ = {
			isa = PBXGroup;
			children = (
				DDD551A11F84E82C008D3365 /* AppDelegate.swift */,
				DDD551A31F84E82C008D3365 /* FirstViewController.swift */,
				DDD551A51F84E82C008D3365 /* SecondViewController.swift */,
				DDD551A71F84E82C008D3365 /* Main.storyboard */,
				DDD551AA1F84E82C008D3365 /* Assets.xcassets */,
				DDD551AC1F84E82C008D3365 /* LaunchScreen.storyboard */,
				DDD551AF1F84E82C008D3365 /* Info.plist */,
			);
			path = "To Do App";
			sourceTree = "<group>";
		};
/* End PBXGroup section */

/* Begin PBXNativeTarget section */
		DDD5519D1F84E82C008D3365 /* To Do App */ = {
			isa = PBXNativeTarget;
			buildConfigurationList = DDD551B21F84E82C008D3365 /* Build configuration list for PBXNativeTarget "To Do App" */;
			buildPhases = (
				DDD5519A1F84E82C008D3365 /* Sources */,
				DDD5519B1F84E82C008D3365 /* Frameworks */,
				DDD5519C1F84E82C008D3365 /* Resources */,
			);
			buildRules = (
			);
			dependencies = (
			);
			name = "To Do App";
			productName = "To Do App";
			productReference = DDD5519E1F84E82C008D3365 /* To Do App.app */;
			productType = "com.apple.product-type.application";
		};
/* End PBXNativeTarget section */

/* Begin PBXProject section */
		DDD551961F84E82C008D3365 /* Project object */ = {
			isa = PBXProject;
			attributes = {
				LastSwiftUpdateCheck = 0900;
				LastUpgradeCheck = 0900;
				ORGANIZATIONNAME = "Arkadiusz Stankiewicz";
				TargetAttributes = {
					DDD5519D1F84E82C008D3365 = {
						CreatedOnToolsVersion = 9.0;
						ProvisioningStyle = Automatic;
					};
				};
			};
			buildConfigurationList = DDD551991F84E82C008D3365 /* Build configuration list for PBXProject "To Do App" */;
			compatibilityVersion = "Xcode 8.0";
			developmentRegion = en;
			hasScannedForEncodings = 0;
			knownRegions = (
				en,
				Base,
			);
			mainGroup = DDD551951F84E82C008D3365;
			productRefGroup = DDD5519F1F84E82C008D3365 /* Products */;
			projectDirPath = "";
			projectRoot = "";
			targets = (
				DDD5519D1F84E82C008D3365 /* To Do App */,
			);
		};
/* End PBXProject section */

/* Begin PBXResourcesBuildPhase section */
		DDD5519C1F84E82C008D3365 /* Resources */ = {
			isa = PBXResourcesBuildPhase;
			buildActionMask = 2147483647;
			files = (
				DDD551AE1F84E82C008D3365 /* LaunchScreen.storyboard in Resources */,
				DDD551AB1F84E82C008D3365 /* Assets.xcassets in Resources */,
				DDD551A91F84E82C008D3365 /* Main.storyboard in Resources */,
			);
			runOnlyForDeploymentPostprocessing = 0;
		};
/* End PBXResourcesBuildPhase section */

/* Begin PBXSourcesBuildPhase section */
		DDD5519A1F84E82C008D3365 /* Sources */ = {
			isa = PBXSourcesBuildPhase;
			buildActionMask = 2147483647;
			files = (
				DDD551A61F84E82C008D3365 /* SecondViewController.swift in Sources */,
				DDD551A21F84E82C008D3365 /* AppDelegate.swift in Sources */,
				DDD551A41F84E82C008D3365 /* FirstViewController.swift in Sources */,
			);
			runOnlyForDeploymentPostprocessing = 0;
		};
/* End PBXSourcesBuildPhase section */

/* Begin PBXVariantGroup section */
		DDD551A71F84E82C008D3365 /* Main.storyboard */ = {
			isa = PBXVariantGroup;
			children = (
				DDD551A81F84E82C008D3365 /* Base */,
			);
			name = Main.storyboard;
			sourceTree = "<group>";
		};
		DDD551AC1F84E82C008D3365 /* LaunchScreen.storyboard */ = {
			isa = PBXVariantGroup;
			children = (
				DDD551AD1F84E82C008D3365 /* Base */,
			);
			name = LaunchScreen.storyboard;
			sourceTree = "<group>";
		};
/* End PBXVariantGroup section */

/* Begin XCBuildConfiguration section */
		DDD551B01F84E82C008D3365 /* Debug */ = {
			isa = XCBuildConfiguration;
			buildSettings = {
				ALWAYS_SEARCH_USER_PATHS = NO;
				CLANG_ANALYZER_NONNULL = YES;
				CLANG_ANALYZER_NUMBER_OBJECT_CONVERSION = YES_AGGRESSIVE;
				CLANG_CXX_LANGUAGE_STANDARD = "gnu++14";
				CLANG_CXX_LIBRARY = "libc++";
				CLANG_ENABLE_MODULES = YES;
				CLANG_ENABLE_OBJC_ARC = YES;
				CLANG_WARN_BLOCK_CAPTURE_AUTORELEASING = YES;
				CLANG_WARN_BOOL_CONVERSION = YES;
				CLANG_WARN_COMMA = YES;
				CLANG_WARN_CONSTANT_CONVERSION = YES;
				CLANG_WARN_DIRECT_OBJC_ISA_USAGE = YES_ERROR;
				CLANG_WARN_DOCUMENTATION_COMMENTS = YES;
				CLANG_WARN_EMPTY_BODY = YES;
				CLANG_WARN_ENUM_CONVERSION = YES;
				CLANG_WARN_INFINITE_RECURSION = YES;
				CLANG_WARN_INT_CONVERSION = YES;
				CLANG_WARN_NON_LITERAL_NULL_CONVERSION = YES;
				CLANG_WARN_OBJC_LITERAL_CONVERSION = YES;
				CLANG_WARN_OBJC_ROOT_CLASS = YES_ERROR;
				CLANG_WARN_RANGE_LOOP_ANALYSIS = YES;
				CLANG_WARN_STRICT_PROTOTYPES = YES;
				CLANG_WARN_SUSPICIOUS_MOVE = YES;
				CLANG_WARN_UNGUARDED_AVAILABILITY = YES_AGGRESSIVE;
				CLANG_WARN_UNREACHABLE_CODE = YES;
				CLANG_WARN__DUPLICATE_METHOD_MATCH = YES;
				CODE_SIGN_IDENTITY = "iPhone Developer";
				COPY_PHASE_STRIP = NO;
				DEBUG_INFORMATION_FORMAT = dwarf;
				ENABLE_STRICT_OBJC_MSGSEND = YES;
				ENABLE_TESTABILITY = YES;
				GCC_C_LANGUAGE_STANDARD = gnu11;
				GCC_DYNAMIC_NO_PIC = NO;
				GCC_NO_COMMON_BLOCKS = YES;
				GCC_OPTIMIZATION_LEVEL = 0;
				GCC_PREPROCESSOR_DEFINITIONS = (
					"DEBUG=1",
					"$(inherited)",
				);
				GCC_WARN_64_TO_32_BIT_CONVERSION = YES;
				GCC_WARN_ABOUT_RETURN_TYPE = YES_ERROR;
				GCC_WARN_UNDECLARED_SELECTOR = YES;
				GCC_WARN_UNINITIALIZED_AUTOS = YES_AGGRESSIVE;
				GCC_WARN_UNUSED_FUNCTION = YES;
				GCC_WARN_UNUSED_VARIABLE = YES;
				IPHONEOS_DEPLOYMENT_TARGET = 11.0;
				MTL_ENABLE_DEBUG_INFO = YES;
				ONLY_ACTIVE_ARCH = YES;
				SDKROOT = iphoneos;
				SWIFT_ACTIVE_COMPILATION_CONDITIONS = DEBUG;
				SWIFT_OPTIMIZATION_LEVEL = "-Onone";
			};
			name = Debug;
		};
		DDD551B11F84E82C008D3365 /* Release */ = {
			isa = XCBuildConfiguration;
			buildSettings = {
				ALWAYS_SEARCH_USER_PATHS = NO;
				CLANG_ANALYZER_NONNULL = YES;
				CLANG_ANALYZER_NUMBER_OBJECT_CONVERSION = YES_AGGRESSIVE;
				CLANG_CXX_LANGUAGE_STANDARD = "gnu++14";
				CLANG_CXX_LIBRARY = "libc++";
				CLANG_ENABLE_MODULES = YES;
				CLANG_ENABLE_OBJC_ARC = YES;
				CLANG_WARN_BLOCK_CAPTURE_AUTORELEASING = YES;
				CLANG_WARN_BOOL_CONVERSION = YES;
				CLANG_WARN_COMMA = YES;
				CLANG_WARN_CONSTANT_CONVERSION = YES;
				CLANG_WARN_DIRECT_OBJC_ISA_USAGE = YES_ERROR;
				CLANG_WARN_DOCUMENTATION_COMMENTS = YES;
				CLANG_WARN_EMPTY_BODY = YES;
				CLANG_WARN_ENUM_CONVERSION = YES;
				CLANG_WARN_INFINITE_RECURSION = YES;
				CLANG_WARN_INT_CONVERSION = YES;
				CLANG_WARN_NON_LITERAL_NULL_CONVERSION = YES;
				CLANG_WARN_OBJC_LITERAL_CONVERSION = YES;
				CLANG_WARN_OBJC_ROOT_CLASS = YES_ERROR;
				CLANG_WARN_RANGE_LOOP_ANALYSIS = YES;
				CLANG_WARN_STRICT_PROTOTYPES = YES;
				CLANG_WARN_SUSPICIOUS_MOVE = YES;
				CLANG_WARN_UNGUARDED_AVAILABILITY = YES_AGGRESSIVE;
				CLANG_WARN_UNREACHABLE_CODE = YES;
				CLANG_WARN__DUPLICATE_METHOD_MATCH = YES;
				CODE_SIGN_IDENTITY = "iPhone Developer";
				COPY_PHASE_STRIP = NO;
				DEBUG_INFORMATION_FORMAT = "dwarf-with-dsym";
				ENABLE_NS_ASSERTIONS = NO;
				ENABLE_STRICT_OBJC_MSGSEND = YES;
				GCC_C_LANGUAGE_STANDARD = gnu11;
				GCC_NO_COMMON_BLOCKS = YES;
				GCC_WARN_64_TO_32_BIT_CONVERSION = YES;
				GCC_WARN_ABOUT_RETURN_TYPE = YES_ERROR;
				GCC_WARN_UNDECLARED_SELECTOR = YES;
				GCC_WARN_UNINITIALIZED_AUTOS = YES_AGGRESSIVE;
				GCC_WARN_UNUSED_FUNCTION = YES;
				GCC_WARN_UNUSED_VARIABLE = YES;
				IPHONEOS_DEPLOYMENT_TARGET = 11.0;
				MTL_ENABLE_DEBUG_INFO = NO;
				SDKROOT = iphoneos;
				SWIFT_OPTIMIZATION_LEVEL = "-Owholemodule";
				VALIDATE_PRODUCT = YES;
			};
			name = Release;
		};
		DDD551B31F84E82C008D3365 /* Debug */ = {
			isa = XCBuildConfiguration;
			buildSettings = {
				ASSETCATALOG_COMPILER_APPICON_NAME = AppIcon;
				CODE_SIGN_STYLE = Automatic;
				DEVELOPMENT_TEAM = MM6ZB88N8Q;
				INFOPLIST_FILE = "To Do App/Info.plist";
				LD_RUNPATH_SEARCH_PATHS = "$(inherited) @executable_path/Frameworks";
				PRODUCT_BUNDLE_IDENTIFIER = "AS.To-Do-App";
				PRODUCT_NAME = "$(TARGET_NAME)";
				SWIFT_VERSION = 4.0;
				TARGETED_DEVICE_FAMILY = "1,2";
			};
			name = Debug;
		};
		DDD551B41F84E82C008D3365 /* Release */ = {
			isa = XCBuildConfiguration;
			buildSettings = {
				ASSETCATALOG_COMPILER_APPICON_NAME = AppIcon;
				CODE_SIGN_STYLE = Automatic;
				DEVELOPMENT_TEAM = MM6ZB88N8Q;
				INFOPLIST_FILE = "To Do App/Info.plist";
				LD_RUNPATH_SEARCH_PATHS = "$(inherited) @executable_path/Frameworks";
				PRODUCT_BUNDLE_IDENTIFIER = "AS.To-Do-App";
				PRODUCT_NAME = "$(TARGET_NAME)";
				SWIFT_VERSION = 4.0;
				TARGETED_DEVICE_FAMILY = "1,2";
			};
			name = Release;
		};
/* End XCBuildConfiguration section */

/* Begin XCConfigurationList section */
		DDD551991F84E82C008D3365 /* Build configuration list for PBXProject "To Do App" */ = {
			isa = XCConfigurationList;
			buildConfigurations = (
				DDD551B01F84E82C008D3365 /* Debug */,
				DDD551B11F84E82C008D3365 /* Release */,
			);
			defaultConfigurationIsVisible = 0;
			defaultConfigurationName = Release;
		};
		DDD551B21F84E82C008D3365 /* Build configuration list for PBXNativeTarget "To Do App" */ = {
			isa = XCConfigurationList;
			buildConfigurations = (
				DDD551B31F84E82C008D3365 /* Debug */,
				DDD551B41F84E82C008D3365 /* Release */,
			);
			defaultConfigurationIsVisible = 0;
			defaultConfigurationName = Release;
		};
/* End XCConfigurationList section */
	};
	rootObject = DDD551961F84E82C008D3365 /* Project object */;
}
